// !$*UTF8*$!
{
	archiveVersion = 1;
	classes = {
	};
	objectVersion = 55;
	objects = {

/* Begin PBXBuildFile section */
		C7DC2A5227E53EFB001FBC8B /* main.cpp in Sources */ = {isa = PBXBuildFile; fileRef = C7DC2A5127E53EFB001FBC8B /* main.cpp */; };
		C7DC2A5B27E541C0001FBC8B /* Option07.cpp in Sources */ = {isa = PBXBuildFile; fileRef = C7DC2A5A27E541C0001FBC8B /* Option07.cpp */; };
		C7DC2A5E27E54390001FBC8B /* BinomialTreeModel02.cpp in Sources */ = {isa = PBXBuildFile; fileRef = C7DC2A5D27E54390001FBC8B /* BinomialTreeModel02.cpp */; };
/* End PBXBuildFile section */

/* Begin PBXCopyFilesBuildPhase section */
		C7DC2A4C27E53EFB001FBC8B /* CopyFiles */ = {
			isa = PBXCopyFilesBuildPhase;
			buildActionMask = 2147483647;
			dstPath = /usr/share/man/man1/;
			dstSubfolderSpec = 0;
			files = (
			);
			runOnlyForDeploymentPostprocessing = 1;
		};
/* End PBXCopyFilesBuildPhase section */

/* Begin PBXFileReference section */
		C7DC2A4E27E53EFB001FBC8B /* OptionPricer07 */ = {isa = PBXFileReference; explicitFileType = "compiled.mach-o.executable"; includeInIndex = 0; path = OptionPricer07; sourceTree = BUILT_PRODUCTS_DIR; };
		C7DC2A5127E53EFB001FBC8B /* main.cpp */ = {isa = PBXFileReference; lastKnownFileType = sourcecode.cpp.cpp; path = main.cpp; sourceTree = "<group>"; };
		C7DC2A5827E53F2A001FBC8B /* BinLattice01.h */ = {isa = PBXFileReference; lastKnownFileType = sourcecode.c.h; path = BinLattice01.h; sourceTree = "<group>"; };
		C7DC2A5927E540BB001FBC8B /* Option07.h */ = {isa = PBXFileReference; lastKnownFileType = sourcecode.c.h; path = Option07.h; sourceTree = "<group>"; };
		C7DC2A5A27E541C0001FBC8B /* Option07.cpp */ = {isa = PBXFileReference; lastKnownFileType = sourcecode.cpp.cpp; path = Option07.cpp; sourceTree = "<group>"; };
		C7DC2A5C27E54364001FBC8B /* BinomialTreeModel02.h */ = {isa = PBXFileReference; lastKnownFileType = sourcecode.c.h; path = BinomialTreeModel02.h; sourceTree = "<group>"; };
		C7DC2A5D27E54390001FBC8B /* BinomialTreeModel02.cpp */ = {isa = PBXFileReference; lastKnownFileType = sourcecode.cpp.cpp; path = BinomialTreeModel02.cpp; sourceTree = "<group>"; };
/* End PBXFileReference section */

/* Begin PBXFrameworksBuildPhase section */
		C7DC2A4B27E53EFB001FBC8B /* Frameworks */ = {
			isa = PBXFrameworksBuildPhase;
			buildActionMask = 2147483647;
			files = (
			);
			runOnlyForDeploymentPostprocessing = 0;
		};
/* End PBXFrameworksBuildPhase section */

/* Begin PBXGroup section */
		C7DC2A4527E53EFB001FBC8B = {
			isa = PBXGroup;
			children = (
				C7DC2A5027E53EFB001FBC8B /* OptionPricer07 */,
				C7DC2A4F27E53EFB001FBC8B /* Products */,
			);
			sourceTree = "<group>";
		};
		C7DC2A4F27E53EFB001FBC8B /* Products */ = {
			isa = PBXGroup;
			children = (
				C7DC2A4E27E53EFB001FBC8B /* OptionPricer07 */,
			);
			name = Products;
			sourceTree = "<group>";
		};
		C7DC2A5027E53EFB001FBC8B /* OptionPricer07 */ = {
			isa = PBXGroup;
			children = (
				C7DC2A5827E53F2A001FBC8B /* BinLattice01.h */,
				C7DC2A5C27E54364001FBC8B /* BinomialTreeModel02.h */,
				C7DC2A5D27E54390001FBC8B /* BinomialTreeModel02.cpp */,
				C7DC2A5927E540BB001FBC8B /* Option07.h */,
				C7DC2A5A27E541C0001FBC8B /* Option07.cpp */,
				C7DC2A5127E53EFB001FBC8B /* main.cpp */,
			);
			path = OptionPricer07;
			sourceTree = "<group>";
		};
/* End PBXGroup section */

/* Begin PBXNativeTarget section */
		C7DC2A4D27E53EFB001FBC8B /* OptionPricer07 */ = {
			isa = PBXNativeTarget;
			buildConfigurationList = C7DC2A5527E53EFB001FBC8B /* Build configuration list for PBXNativeTarget "OptionPricer07" */;
			buildPhases = (
				C7DC2A4A27E53EFB001FBC8B /* Sources */,
				C7DC2A4B27E53EFB001FBC8B /* Frameworks */,
				C7DC2A4C27E53EFB001FBC8B /* CopyFiles */,
			);
			buildRules = (
			);
			dependencies = (
			);
			name = OptionPricer07;
			productName = OptionPricer07;
			productReference = C7DC2A4E27E53EFB001FBC8B /* OptionPricer07 */;
			productType = "com.apple.product-type.tool";
		};
/* End PBXNativeTarget section */

/* Begin PBXProject section */
		C7DC2A4627E53EFB001FBC8B /* Project object */ = {
			isa = PBXProject;
			attributes = {
				BuildIndependentTargetsInParallel = 1;
				LastUpgradeCheck = 1330;
				TargetAttributes = {
					C7DC2A4D27E53EFB001FBC8B = {
						CreatedOnToolsVersion = 13.3;
					};
				};
			};
			buildConfigurationList = C7DC2A4927E53EFB001FBC8B /* Build configuration list for PBXProject "OptionPricer07" */;
			compatibilityVersion = "Xcode 13.0";
			developmentRegion = en;
			hasScannedForEncodings = 0;
			knownRegions = (
				en,
				Base,
			);
			mainGroup = C7DC2A4527E53EFB001FBC8B;
			productRefGroup = C7DC2A4F27E53EFB001FBC8B /* Products */;
			projectDirPath = "";
			projectRoot = "";
			targets = (
				C7DC2A4D27E53EFB001FBC8B /* OptionPricer07 */,
			);
		};
/* End PBXProject section */

/* Begin PBXSourcesBuildPhase section */
		C7DC2A4A27E53EFB001FBC8B /* Sources */ = {
			isa = PBXSourcesBuildPhase;
			buildActionMask = 2147483647;
			files = (
				C7DC2A5E27E54390001FBC8B /* BinomialTreeModel02.cpp in Sources */,
				C7DC2A5227E53EFB001FBC8B /* main.cpp in Sources */,
				C7DC2A5B27E541C0001FBC8B /* Option07.cpp in Sources */,
			);
			runOnlyForDeploymentPostprocessing = 0;
		};
/* End PBXSourcesBuildPhase section */

/* Begin XCBuildConfiguration section */
		C7DC2A5327E53EFB001FBC8B /* Debug */ = {
			isa = XCBuildConfiguration;
			buildSettings = {
				ALWAYS_SEARCH_USER_PATHS = NO;
				CLANG_ANALYZER_NONNULL = YES;
				CLANG_ANALYZER_NUMBER_OBJECT_CONVERSION = YES_AGGRESSIVE;
				CLANG_CXX_LANGUAGE_STANDARD = "gnu++17";
				CLANG_ENABLE_MODULES = YES;
				CLANG_ENABLE_OBJC_ARC = YES;
				CLANG_ENABLE_OBJC_WEAK = YES;
				CLANG_WARN_BLOCK_CAPTURE_AUTORELEASING = YES;
				CLANG_WARN_BOOL_CONVERSION = YES;
				CLANG_WARN_COMMA = YES;
				CLANG_WARN_CONSTANT_CONVERSION = YES;
				CLANG_WARN_DEPRECATED_OBJC_IMPLEMENTATIONS = YES;
				CLANG_WARN_DIRECT_OBJC_ISA_USAGE = YES_ERROR;
				CLANG_WARN_DOCUMENTATION_COMMENTS = YES;
				CLANG_WARN_EMPTY_BODY = YES;
				CLANG_WARN_ENUM_CONVERSION = YES;
				CLANG_WARN_INFINITE_RECURSION = YES;
				CLANG_WARN_INT_CONVERSION = YES;
				CLANG_WARN_NON_LITERAL_NULL_CONVERSION = YES;
				CLANG_WARN_OBJC_IMPLICIT_RETAIN_SELF = YES;
				CLANG_WARN_OBJC_LITERAL_CONVERSION = YES;
				CLANG_WARN_OBJC_ROOT_CLASS = YES_ERROR;
				CLANG_WARN_QUOTED_INCLUDE_IN_FRAMEWORK_HEADER = YES;
				CLANG_WARN_RANGE_LOOP_ANALYSIS = YES;
				CLANG_WARN_STRICT_PROTOTYPES = YES;
				CLANG_WARN_SUSPICIOUS_MOVE = YES;
				CLANG_WARN_UNGUARDED_AVAILABILITY = YES_AGGRESSIVE;
				CLANG_WARN_UNREACHABLE_CODE = YES;
				CLANG_WARN__DUPLICATE_METHOD_MATCH = YES;
				COPY_PHASE_STRIP = NO;
				DEBUG_INFORMATION_FORMAT = dwarf;
				ENABLE_STRICT_OBJC_MSGSEND = YES;
				ENABLE_TESTABILITY = YES;
				GCC_C_LANGUAGE_STANDARD = gnu11;
				GCC_DYNAMIC_NO_PIC = NO;
				GCC_NO_COMMON_BLOCKS = YES;
				GCC_OPTIMIZATION_LEVEL = 0;
				GCC_PREPROCESSOR_DEFINITIONS = (
					"DEBUG=1",
					"$(inherited)",
				);
				GCC_WARN_64_TO_32_BIT_CONVERSION = YES;
				GCC_WARN_ABOUT_RETURN_TYPE = YES_ERROR;
				GCC_WARN_UNDECLARED_SELECTOR = YES;
				GCC_WARN_UNINITIALIZED_AUTOS = YES_AGGRESSIVE;
				GCC_WARN_UNUSED_FUNCTION = YES;
				GCC_WARN_UNUSED_VARIABLE = YES;
				MACOSX_DEPLOYMENT_TARGET = 12.2;
				MTL_ENABLE_DEBUG_INFO = INCLUDE_SOURCE;
				MTL_FAST_MATH = YES;
				ONLY_ACTIVE_ARCH = YES;
				SDKROOT = macosx;
			};
			name = Debug;
		};
		C7DC2A5427E53EFB001FBC8B /* Release */ = {
			isa = XCBuildConfiguration;
			buildSettings = {
				ALWAYS_SEARCH_USER_PATHS = NO;
				CLANG_ANALYZER_NONNULL = YES;
				CLANG_ANALYZER_NUMBER_OBJECT_CONVERSION = YES_AGGRESSIVE;
				CLANG_CXX_LANGUAGE_STANDARD = "gnu++17";
				CLANG_ENABLE_MODULES = YES;
				CLANG_ENABLE_OBJC_ARC = YES;
				CLANG_ENABLE_OBJC_WEAK = YES;
				CLANG_WARN_BLOCK_CAPTURE_AUTORELEASING = YES;
				CLANG_WARN_BOOL_CONVERSION = YES;
				CLANG_WARN_COMMA = YES;
				CLANG_WARN_CONSTANT_CONVERSION = YES;
				CLANG_WARN_DEPRECATED_OBJC_IMPLEMENTATIONS = YES;
				CLANG_WARN_DIRECT_OBJC_ISA_USAGE = YES_ERROR;
				CLANG_WARN_DOCUMENTATION_COMMENTS = YES;
				CLANG_WARN_EMPTY_BODY = YES;
				CLANG_WARN_ENUM_CONVERSION = YES;
				CLANG_WARN_INFINITE_RECURSION = YES;
				CLANG_WARN_INT_CONVERSION = YES;
				CLANG_WARN_NON_LITERAL_NULL_CONVERSION = YES;
				CLANG_WARN_OBJC_IMPLICIT_RETAIN_SELF = YES;
				CLANG_WARN_OBJC_LITERAL_CONVERSION = YES;
				CLANG_WARN_OBJC_ROOT_CLASS = YES_ERROR;
				CLANG_WARN_QUOTED_INCLUDE_IN_FRAMEWORK_HEADER = YES;
				CLANG_WARN_RANGE_LOOP_ANALYSIS = YES;
				CLANG_WARN_STRICT_PROTOTYPES = YES;
				CLANG_WARN_SUSPICIOUS_MOVE = YES;
				CLANG_WARN_UNGUARDED_AVAILABILITY = YES_AGGRESSIVE;
				CLANG_WARN_UNREACHABLE_CODE = YES;
				CLANG_WARN__DUPLICATE_METHOD_MATCH = YES;
				COPY_PHASE_STRIP = NO;
				DEBUG_INFORMATION_FORMAT = "dwarf-with-dsym";
				ENABLE_NS_ASSERTIONS = NO;
				ENABLE_STRICT_OBJC_MSGSEND = YES;
				GCC_C_LANGUAGE_STANDARD = gnu11;
				GCC_NO_COMMON_BLOCKS = YES;
				GCC_WARN_64_TO_32_BIT_CONVERSION = YES;
				GCC_WARN_ABOUT_RETURN_TYPE = YES_ERROR;
				GCC_WARN_UNDECLARED_SELECTOR = YES;
				GCC_WARN_UNINITIALIZED_AUTOS = YES_AGGRESSIVE;
				GCC_WARN_UNUSED_FUNCTION = YES;
				GCC_WARN_UNUSED_VARIABLE = YES;
				MACOSX_DEPLOYMENT_TARGET = 12.2;
				MTL_ENABLE_DEBUG_INFO = NO;
				MTL_FAST_MATH = YES;
				SDKROOT = macosx;
			};
			name = Release;
		};
		C7DC2A5627E53EFB001FBC8B /* Debug */ = {
			isa = XCBuildConfiguration;
			buildSettings = {
				CODE_SIGN_STYLE = Automatic;
				PRODUCT_NAME = "$(TARGET_NAME)";
			};
			name = Debug;
		};
		C7DC2A5727E53EFB001FBC8B /* Release */ = {
			isa = XCBuildConfiguration;
			buildSettings = {
				CODE_SIGN_STYLE = Automatic;
				PRODUCT_NAME = "$(TARGET_NAME)";
			};
			name = Release;
		};
/* End XCBuildConfiguration section */

/* Begin XCConfigurationList section */
		C7DC2A4927E53EFB001FBC8B /* Build configuration list for PBXProject "OptionPricer07" */ = {
			isa = XCConfigurationList;
			buildConfigurations = (
				C7DC2A5327E53EFB001FBC8B /* Debug */,
				C7DC2A5427E53EFB001FBC8B /* Release */,
			);
			defaultConfigurationIsVisible = 0;
			defaultConfigurationName = Release;
		};
		C7DC2A5527E53EFB001FBC8B /* Build configuration list for PBXNativeTarget "OptionPricer07" */ = {
			isa = XCConfigurationList;
			buildConfigurations = (
				C7DC2A5627E53EFB001FBC8B /* Debug */,
				C7DC2A5727E53EFB001FBC8B /* Release */,
			);
			defaultConfigurationIsVisible = 0;
			defaultConfigurationName = Release;
		};
/* End XCConfigurationList section */
	};
	rootObject = C7DC2A4627E53EFB001FBC8B /* Project object */;
}
